
Microsoft Visual Studio Solution File, Format Version 12.00
# Visual Studio Version 16
VisualStudioVersion = 16.0.30413.136
MinimumVisualStudioVersion = 10.0.40219.1
Project("{FAE04EC0-301F-11D3-BF4B-00C04F79EFBC}") = "ConsoleApp2", "ConsoleApp2\ConsoleApp2.csproj", "{52EEAF3A-9C53-4D2A-8616-0EE0E4D1F8A5}"
EndProject
Global
	GlobalSection(SolutionConfigurationPlatforms) = preSolution
		Debug|Any CPU = Debug|Any CPU
		Release|Any CPU = Release|Any CPU
	EndGlobalSection
	GlobalSection(ProjectConfigurationPlatforms) = postSolution
		{52EEAF3A-9C53-4D2A-8616-0EE0E4D1F8A5}.Debug|Any CPU.ActiveCfg = Debug|Any CPU
		{52EEAF3A-9C53-4D2A-8616-0EE0E4D1F8A5}.Debug|Any CPU.Build.0 = Debug|Any CPU
		{52EEAF3A-9C53-4D2A-8616-0EE0E4D1F8A5}.Release|Any CPU.ActiveCfg = Release|Any CPU
		{52EEAF3A-9C53-4D2A-8616-0EE0E4D1F8A5}.Release|Any CPU.Build.0 = Release|Any CPU
	EndGlobalSection
	GlobalSection(SolutionProperties) = preSolution
		HideSolutionNode = FALSE
	EndGlobalSection
	GlobalSection(ExtensibilityGlobals) = postSolution
		SolutionGuid = {6016525D-77FC-47BA-9EC7-B3A52521E32E}
	EndGlobalSection
EndGlobal
